// !$*UTF8*$!
{
	archiveVersion = 1;
	classes = {
	};
	objectVersion = 77;
	objects = {

/* Begin PBXContainerItemProxy section */
		3DF5AB712E907C0B00F70BF7 /* PBXContainerItemProxy */ = {
			isa = PBXContainerItemProxy;
			containerPortal = 3DF5AB5B2E907C0A00F70BF7 /* Project object */;
			proxyType = 1;
			remoteGlobalIDString = 3DF5AB622E907C0A00F70BF7;
			remoteInfo = expenseSplitApp;
		};
		3DF5AB7B2E907C0B00F70BF7 /* PBXContainerItemProxy */ = {
			isa = PBXContainerItemProxy;
			containerPortal = 3DF5AB5B2E907C0A00F70BF7 /* Project object */;
			proxyType = 1;
			remoteGlobalIDString = 3DF5AB622E907C0A00F70BF7;
			remoteInfo = expenseSplitApp;
		};
/* End PBXContainerItemProxy section */

/* Begin PBXFileReference section */
		3DF5AB632E907C0A00F70BF7 /* expenseSplitApp.app */ = {isa = PBXFileReference; explicitFileType = wrapper.application; includeInIndex = 0; path = expenseSplitApp.app; sourceTree = BUILT_PRODUCTS_DIR; };
		3DF5AB702E907C0B00F70BF7 /* expenseSplitAppTests.xctest */ = {isa = PBXFileReference; explicitFileType = wrapper.cfbundle; includeInIndex = 0; path = expenseSplitAppTests.xctest; sourceTree = BUILT_PRODUCTS_DIR; };
		3DF5AB7A2E907C0B00F70BF7 /* expenseSplitAppUITests.xctest */ = {isa = PBXFileReference; explicitFileType = wrapper.cfbundle; includeInIndex = 0; path = expenseSplitAppUITests.xctest; sourceTree = BUILT_PRODUCTS_DIR; };
/* End PBXFileReference section */

/* Begin PBXFileSystemSynchronizedRootGroup section */
		3DF5AB652E907C0A00F70BF7 /* expenseSplitApp */ = {
			isa = PBXFileSystemSynchronizedRootGroup;
			path = expenseSplitApp;
			sourceTree = "<group>";
		};
		3DF5AB732E907C0B00F70BF7 /* expenseSplitAppTests */ = {
			isa = PBXFileSystemSynchronizedRootGroup;
			path = expenseSplitAppTests;
			sourceTree = "<group>";
		};
		3DF5AB7D2E907C0B00F70BF7 /* expenseSplitAppUITests */ = {
			isa = PBXFileSystemSynchronizedRootGroup;
			path = expenseSplitAppUITests;
			sourceTree = "<group>";
		};
/* End PBXFileSystemSynchronizedRootGroup section */

/* Begin PBXFrameworksBuildPhase section */
		3DF5AB602E907C0A00F70BF7 /* Frameworks */ = {
			isa = PBXFrameworksBuildPhase;
			buildActionMask = 2147483647;
			files = (
			);
			runOnlyForDeploymentPostprocessing = 0;
		};
		3DF5AB6D2E907C0B00F70BF7 /* Frameworks */ = {
			isa = PBXFrameworksBuildPhase;
			buildActionMask = 2147483647;
			files = (
			);
			runOnlyForDeploymentPostprocessing = 0;
		};
		3DF5AB772E907C0B00F70BF7 /* Frameworks */ = {
			isa = PBXFrameworksBuildPhase;
			buildActionMask = 2147483647;
			files = (
			);
			runOnlyForDeploymentPostprocessing = 0;
		};
/* End PBXFrameworksBuildPhase section */

/* Begin PBXGroup section */
		3DF5AB5A2E907C0A00F70BF7 = {
			isa = PBXGroup;
			children = (
				3DF5AB652E907C0A00F70BF7 /* expenseSplitApp */,
				3DF5AB732E907C0B00F70BF7 /* expenseSplitAppTests */,
				3DF5AB7D2E907C0B00F70BF7 /* expenseSplitAppUITests */,
				3DF5AB642E907C0A00F70BF7 /* Products */,
			);
			sourceTree = "<group>";
		};
		3DF5AB642E907C0A00F70BF7 /* Products */ = {
			isa = PBXGroup;
			children = (
				3DF5AB632E907C0A00F70BF7 /* expenseSplitApp.app */,
				3DF5AB702E907C0B00F70BF7 /* expenseSplitAppTests.xctest */,
				3DF5AB7A2E907C0B00F70BF7 /* expenseSplitAppUITests.xctest */,
			);
			name = Products;
			sourceTree = "<group>";
		};
/* End PBXGroup section */

/* Begin PBXNativeTarget section */
		3DF5AB622E907C0A00F70BF7 /* expenseSplitApp */ = {
			isa = PBXNativeTarget;
			buildConfigurationList = 3DF5AB842E907C0B00F70BF7 /* Build configuration list for PBXNativeTarget "expenseSplitApp" */;
			buildPhases = (
				3DF5AB5F2E907C0A00F70BF7 /* Sources */,
				3DF5AB602E907C0A00F70BF7 /* Frameworks */,
				3DF5AB612E907C0A00F70BF7 /* Resources */,
			);
			buildRules = (
			);
			dependencies = (
			);
			fileSystemSynchronizedGroups = (
				3DF5AB652E907C0A00F70BF7 /* expenseSplitApp */,
			);
			name = expenseSplitApp;
			packageProductDependencies = (
			);
			productName = expenseSplitApp;
			productReference = 3DF5AB632E907C0A00F70BF7 /* expenseSplitApp.app */;
			productType = "com.apple.product-type.application";
		};
		3DF5AB6F2E907C0B00F70BF7 /* expenseSplitAppTests */ = {
			isa = PBXNativeTarget;
			buildConfigurationList = 3DF5AB872E907C0B00F70BF7 /* Build configuration list for PBXNativeTarget "expenseSplitAppTests" */;
			buildPhases = (
				3DF5AB6C2E907C0B00F70BF7 /* Sources */,
				3DF5AB6D2E907C0B00F70BF7 /* Frameworks */,
				3DF5AB6E2E907C0B00F70BF7 /* Resources */,
			);
			buildRules = (
			);
			dependencies = (
				3DF5AB722E907C0B00F70BF7 /* PBXTargetDependency */,
			);
			fileSystemSynchronizedGroups = (
				3DF5AB732E907C0B00F70BF7 /* expenseSplitAppTests */,
			);
			name = expenseSplitAppTests;
			packageProductDependencies = (
			);
			productName = expenseSplitAppTests;
			productReference = 3DF5AB702E907C0B00F70BF7 /* expenseSplitAppTests.xctest */;
			productType = "com.apple.product-type.bundle.unit-test";
		};
		3DF5AB792E907C0B00F70BF7 /* expenseSplitAppUITests */ = {
			isa = PBXNativeTarget;
			buildConfigurationList = 3DF5AB8A2E907C0B00F70BF7 /* Build configuration list for PBXNativeTarget "expenseSplitAppUITests" */;
			buildPhases = (
				3DF5AB762E907C0B00F70BF7 /* Sources */,
				3DF5AB772E907C0B00F70BF7 /* Frameworks */,
				3DF5AB782E907C0B00F70BF7 /* Resources */,
			);
			buildRules = (
			);
			dependencies = (
				3DF5AB7C2E907C0B00F70BF7 /* PBXTargetDependency */,
			);
			fileSystemSynchronizedGroups = (
				3DF5AB7D2E907C0B00F70BF7 /* expenseSplitAppUITests */,
			);
			name = expenseSplitAppUITests;
			packageProductDependencies = (
			);
			productName = expenseSplitAppUITests;
			productReference = 3DF5AB7A2E907C0B00F70BF7 /* expenseSplitAppUITests.xctest */;
			productType = "com.apple.product-type.bundle.ui-testing";
		};
/* End PBXNativeTarget section */

/* Begin PBXProject section */
		3DF5AB5B2E907C0A00F70BF7 /* Project object */ = {
			isa = PBXProject;
			attributes = {
				BuildIndependentTargetsInParallel = 1;
				LastSwiftUpdateCheck = 2600;
				LastUpgradeCheck = 2600;
				TargetAttributes = {
					3DF5AB622E907C0A00F70BF7 = {
						CreatedOnToolsVersion = 26.0.1;
					};
					3DF5AB6F2E907C0B00F70BF7 = {
						CreatedOnToolsVersion = 26.0.1;
						TestTargetID = 3DF5AB622E907C0A00F70BF7;
					};
					3DF5AB792E907C0B00F70BF7 = {
						CreatedOnToolsVersion = 26.0.1;
						TestTargetID = 3DF5AB622E907C0A00F70BF7;
					};
				};
			};
			buildConfigurationList = 3DF5AB5E2E907C0A00F70BF7 /* Build configuration list for PBXProject "expenseSplitApp" */;
			developmentRegion = en;
			hasScannedForEncodings = 0;
			knownRegions = (
				en,
				Base,
			);
			mainGroup = 3DF5AB5A2E907C0A00F70BF7;
			minimizedProjectReferenceProxies = 1;
			preferredProjectObjectVersion = 77;
			productRefGroup = 3DF5AB642E907C0A00F70BF7 /* Products */;
			projectDirPath = "";
			projectRoot = "";
			targets = (
				3DF5AB622E907C0A00F70BF7 /* expenseSplitApp */,
				3DF5AB6F2E907C0B00F70BF7 /* expenseSplitAppTests */,
				3DF5AB792E907C0B00F70BF7 /* expenseSplitAppUITests */,
			);
		};
/* End PBXProject section */

/* Begin PBXResourcesBuildPhase section */
		3DF5AB612E907C0A00F70BF7 /* Resources */ = {
			isa = PBXResourcesBuildPhase;
			buildActionMask = 2147483647;
			files = (
			);
			runOnlyForDeploymentPostprocessing = 0;
		};
		3DF5AB6E2E907C0B00F70BF7 /* Resources */ = {
			isa = PBXResourcesBuildPhase;
			buildActionMask = 2147483647;
			files = (
			);
			runOnlyForDeploymentPostprocessing = 0;
		};
		3DF5AB782E907C0B00F70BF7 /* Resources */ = {
			isa = PBXResourcesBuildPhase;
			buildActionMask = 2147483647;
			files = (
			);
			runOnlyForDeploymentPostprocessing = 0;
		};
/* End PBXResourcesBuildPhase section */

/* Begin PBXSourcesBuildPhase section */
		3DF5AB5F2E907C0A00F70BF7 /* Sources */ = {
			isa = PBXSourcesBuildPhase;
			buildActionMask = 2147483647;
			files = (
			);
			runOnlyForDeploymentPostprocessing = 0;
		};
		3DF5AB6C2E907C0B00F70BF7 /* Sources */ = {
			isa = PBXSourcesBuildPhase;
			buildActionMask = 2147483647;
			files = (
			);
			runOnlyForDeploymentPostprocessing = 0;
		};
		3DF5AB762E907C0B00F70BF7 /* Sources */ = {
			isa = PBXSourcesBuildPhase;
			buildActionMask = 2147483647;
			files = (
			);
			runOnlyForDeploymentPostprocessing = 0;
		};
/* End PBXSourcesBuildPhase section */

/* Begin PBXTargetDependency section */
		3DF5AB722E907C0B00F70BF7 /* PBXTargetDependency */ = {
			isa = PBXTargetDependency;
			target = 3DF5AB622E907C0A00F70BF7 /* expenseSplitApp */;
			targetProxy = 3DF5AB712E907C0B00F70BF7 /* PBXContainerItemProxy */;
		};
		3DF5AB7C2E907C0B00F70BF7 /* PBXTargetDependency */ = {
			isa = PBXTargetDependency;
			target = 3DF5AB622E907C0A00F70BF7 /* expenseSplitApp */;
			targetProxy = 3DF5AB7B2E907C0B00F70BF7 /* PBXContainerItemProxy */;
		};
/* End PBXTargetDependency section */

/* Begin XCBuildConfiguration section */
		3DF5AB822E907C0B00F70BF7 /* Debug */ = {
			isa = XCBuildConfiguration;
			buildSettings = {
				ALWAYS_SEARCH_USER_PATHS = NO;
				ASSETCATALOG_COMPILER_GENERATE_SWIFT_ASSET_SYMBOL_EXTENSIONS = YES;
				CLANG_ANALYZER_NONNULL = YES;
				CLANG_ANALYZER_NUMBER_OBJECT_CONVERSION = YES_AGGRESSIVE;
				CLANG_CXX_LANGUAGE_STANDARD = "gnu++20";
				CLANG_ENABLE_MODULES = YES;
				CLANG_ENABLE_OBJC_ARC = YES;
				CLANG_ENABLE_OBJC_WEAK = YES;
				CLANG_WARN_BLOCK_CAPTURE_AUTORELEASING = YES;
				CLANG_WARN_BOOL_CONVERSION = YES;
				CLANG_WARN_COMMA = YES;
				CLANG_WARN_CONSTANT_CONVERSION = YES;
				CLANG_WARN_DEPRECATED_OBJC_IMPLEMENTATIONS = YES;
				CLANG_WARN_DIRECT_OBJC_ISA_USAGE = YES_ERROR;
				CLANG_WARN_DOCUMENTATION_COMMENTS = YES;
				CLANG_WARN_EMPTY_BODY = YES;
				CLANG_WARN_ENUM_CONVERSION = YES;
				CLANG_WARN_INFINITE_RECURSION = YES;
				CLANG_WARN_INT_CONVERSION = YES;
				CLANG_WARN_NON_LITERAL_NULL_CONVERSION = YES;
				CLANG_WARN_OBJC_IMPLICIT_RETAIN_SELF = YES;
				CLANG_WARN_OBJC_LITERAL_CONVERSION = YES;
				CLANG_WARN_OBJC_ROOT_CLASS = YES_ERROR;
				CLANG_WARN_QUOTED_INCLUDE_IN_FRAMEWORK_HEADER = YES;
				CLANG_WARN_RANGE_LOOP_ANALYSIS = YES;
				CLANG_WARN_STRICT_PROTOTYPES = YES;
				CLANG_WARN_SUSPICIOUS_MOVE = YES;
				CLANG_WARN_UNGUARDED_AVAILABILITY = YES_AGGRESSIVE;
				CLANG_WARN_UNREACHABLE_CODE = YES;
				CLANG_WARN__DUPLICATE_METHOD_MATCH = YES;
				COPY_PHASE_STRIP = NO;
				DEBUG_INFORMATION_FORMAT = dwarf;
				ENABLE_STRICT_OBJC_MSGSEND = YES;
				ENABLE_TESTABILITY = YES;
				ENABLE_USER_SCRIPT_SANDBOXING = YES;
				GCC_C_LANGUAGE_STANDARD = gnu17;
				GCC_DYNAMIC_NO_PIC = NO;
				GCC_NO_COMMON_BLOCKS = YES;
				GCC_OPTIMIZATION_LEVEL = 0;
				GCC_PREPROCESSOR_DEFINITIONS = (
					"DEBUG=1",
					"$(inherited)",
				);
				GCC_WARN_64_TO_32_BIT_CONVERSION = YES;
				GCC_WARN_ABOUT_RETURN_TYPE = YES_ERROR;
				GCC_WARN_UNDECLARED_SELECTOR = YES;
				GCC_WARN_UNINITIALIZED_AUTOS = YES_AGGRESSIVE;
				GCC_WARN_UNUSED_FUNCTION = YES;
				GCC_WARN_UNUSED_VARIABLE = YES;
				IPHONEOS_DEPLOYMENT_TARGET = 26.0;
				LOCALIZATION_PREFERS_STRING_CATALOGS = YES;
				MTL_ENABLE_DEBUG_INFO = INCLUDE_SOURCE;
				MTL_FAST_MATH = YES;
				ONLY_ACTIVE_ARCH = YES;
				SDKROOT = iphoneos;
				SWIFT_ACTIVE_COMPILATION_CONDITIONS = "DEBUG $(inherited)";
				SWIFT_OPTIMIZATION_LEVEL = "-Onone";
			};
			name = Debug;
		};
		3DF5AB832E907C0B00F70BF7 /* Release */ = {
			isa = XCBuildConfiguration;
			buildSettings = {
				ALWAYS_SEARCH_USER_PATHS = NO;
				ASSETCATALOG_COMPILER_GENERATE_SWIFT_ASSET_SYMBOL_EXTENSIONS = YES;
				CLANG_ANALYZER_NONNULL = YES;
				CLANG_ANALYZER_NUMBER_OBJECT_CONVERSION = YES_AGGRESSIVE;
				CLANG_CXX_LANGUAGE_STANDARD = "gnu++20";
				CLANG_ENABLE_MODULES = YES;
				CLANG_ENABLE_OBJC_ARC = YES;
				CLANG_ENABLE_OBJC_WEAK = YES;
				CLANG_WARN_BLOCK_CAPTURE_AUTORELEASING = YES;
				CLANG_WARN_BOOL_CONVERSION = YES;
				CLANG_WARN_COMMA = YES;
				CLANG_WARN_CONSTANT_CONVERSION = YES;
				CLANG_WARN_DEPRECATED_OBJC_IMPLEMENTATIONS = YES;
				CLANG_WARN_DIRECT_OBJC_ISA_USAGE = YES_ERROR;
				CLANG_WARN_DOCUMENTATION_COMMENTS = YES;
				CLANG_WARN_EMPTY_BODY = YES;
				CLANG_WARN_ENUM_CONVERSION = YES;
				CLANG_WARN_INFINITE_RECURSION = YES;
				CLANG_WARN_INT_CONVERSION = YES;
				CLANG_WARN_NON_LITERAL_NULL_CONVERSION = YES;
				CLANG_WARN_OBJC_IMPLICIT_RETAIN_SELF = YES;
				CLANG_WARN_OBJC_LITERAL_CONVERSION = YES;
				CLANG_WARN_OBJC_ROOT_CLASS = YES_ERROR;
				CLANG_WARN_QUOTED_INCLUDE_IN_FRAMEWORK_HEADER = YES;
				CLANG_WARN_RANGE_LOOP_ANALYSIS = YES;
				CLANG_WARN_STRICT_PROTOTYPES = YES;
				CLANG_WARN_SUSPICIOUS_MOVE = YES;
				CLANG_WARN_UNGUARDED_AVAILABILITY = YES_AGGRESSIVE;
				CLANG_WARN_UNREACHABLE_CODE = YES;
				CLANG_WARN__DUPLICATE_METHOD_MATCH = YES;
				COPY_PHASE_STRIP = NO;
				DEBUG_INFORMATION_FORMAT = "dwarf-with-dsym";
				ENABLE_NS_ASSERTIONS = NO;
				ENABLE_STRICT_OBJC_MSGSEND = YES;
				ENABLE_USER_SCRIPT_SANDBOXING = YES;
				GCC_C_LANGUAGE_STANDARD = gnu17;
				GCC_NO_COMMON_BLOCKS = YES;
				GCC_WARN_64_TO_32_BIT_CONVERSION = YES;
				GCC_WARN_ABOUT_RETURN_TYPE = YES_ERROR;
				GCC_WARN_UNDECLARED_SELECTOR = YES;
				GCC_WARN_UNINITIALIZED_AUTOS = YES_AGGRESSIVE;
				GCC_WARN_UNUSED_FUNCTION = YES;
				GCC_WARN_UNUSED_VARIABLE = YES;
				IPHONEOS_DEPLOYMENT_TARGET = 26.0;
				LOCALIZATION_PREFERS_STRING_CATALOGS = YES;
				MTL_ENABLE_DEBUG_INFO = NO;
				MTL_FAST_MATH = YES;
				SDKROOT = iphoneos;
				SWIFT_COMPILATION_MODE = wholemodule;
				VALIDATE_PRODUCT = YES;
			};
			name = Release;
		};
		3DF5AB852E907C0B00F70BF7 /* Debug */ = {
			isa = XCBuildConfiguration;
			buildSettings = {
				ASSETCATALOG_COMPILER_APPICON_NAME = AppIcon;
				ASSETCATALOG_COMPILER_GLOBAL_ACCENT_COLOR_NAME = AccentColor;
				CODE_SIGN_STYLE = Automatic;
				CURRENT_PROJECT_VERSION = 1;
				ENABLE_PREVIEWS = YES;
				GENERATE_INFOPLIST_FILE = YES;
				INFOPLIST_KEY_UIApplicationSceneManifest_Generation = YES;
				INFOPLIST_KEY_UIApplicationSupportsIndirectInputEvents = YES;
				INFOPLIST_KEY_UILaunchScreen_Generation = YES;
				INFOPLIST_KEY_UISupportedInterfaceOrientations_iPad = "UIInterfaceOrientationPortrait UIInterfaceOrientationPortraitUpsideDown UIInterfaceOrientationLandscapeLeft UIInterfaceOrientationLandscapeRight";
				INFOPLIST_KEY_UISupportedInterfaceOrientations_iPhone = "UIInterfaceOrientationPortrait UIInterfaceOrientationLandscapeLeft UIInterfaceOrientationLandscapeRight";
				LD_RUNPATH_SEARCH_PATHS = (
					"$(inherited)",
					"@executable_path/Frameworks",
				);
				MARKETING_VERSION = 1.0;
				PRODUCT_BUNDLE_IDENTIFIER = com.ExpenseSplitApp.expenseSplitApp;
				PRODUCT_NAME = "$(TARGET_NAME)";
				STRING_CATALOG_GENERATE_SYMBOLS = YES;
				SWIFT_APPROACHABLE_CONCURRENCY = YES;
				SWIFT_DEFAULT_ACTOR_ISOLATION = MainActor;
				SWIFT_EMIT_LOC_STRINGS = YES;
				SWIFT_UPCOMING_FEATURE_MEMBER_IMPORT_VISIBILITY = YES;
				SWIFT_VERSION = 5.0;
				TARGETED_DEVICE_FAMILY = "1,2";
			};
			name = Debug;
		};
		3DF5AB862E907C0B00F70BF7 /* Release */ = {
			isa = XCBuildConfiguration;
			buildSettings = {
				ASSETCATALOG_COMPILER_APPICON_NAME = AppIcon;
				ASSETCATALOG_COMPILER_GLOBAL_ACCENT_COLOR_NAME = AccentColor;
				CODE_SIGN_STYLE = Automatic;
				CURRENT_PROJECT_VERSION = 1;
				ENABLE_PREVIEWS = YES;
				GENERATE_INFOPLIST_FILE = YES;
				INFOPLIST_KEY_UIApplicationSceneManifest_Generation = YES;
				INFOPLIST_KEY_UIApplicationSupportsIndirectInputEvents = YES;
				INFOPLIST_KEY_UILaunchScreen_Generation = YES;
				INFOPLIST_KEY_UISupportedInterfaceOrientations_iPad = "UIInterfaceOrientationPortrait UIInterfaceOrientationPortraitUpsideDown UIInterfaceOrientationLandscapeLeft UIInterfaceOrientationLandscapeRight";
				INFOPLIST_KEY_UISupportedInterfaceOrientations_iPhone = "UIInterfaceOrientationPortrait UIInterfaceOrientationLandscapeLeft UIInterfaceOrientationLandscapeRight";
				LD_RUNPATH_SEARCH_PATHS = (
					"$(inherited)",
					"@executable_path/Frameworks",
				);
				MARKETING_VERSION = 1.0;
				PRODUCT_BUNDLE_IDENTIFIER = com.ExpenseSplitApp.expenseSplitApp;
				PRODUCT_NAME = "$(TARGET_NAME)";
				STRING_CATALOG_GENERATE_SYMBOLS = YES;
				SWIFT_APPROACHABLE_CONCURRENCY = YES;
				SWIFT_DEFAULT_ACTOR_ISOLATION = MainActor;
				SWIFT_EMIT_LOC_STRINGS = YES;
				SWIFT_UPCOMING_FEATURE_MEMBER_IMPORT_VISIBILITY = YES;
				SWIFT_VERSION = 5.0;
				TARGETED_DEVICE_FAMILY = "1,2";
			};
			name = Release;
		};
		3DF5AB882E907C0B00F70BF7 /* Debug */ = {
			isa = XCBuildConfiguration;
			buildSettings = {
				BUNDLE_LOADER = "$(TEST_HOST)";
				CODE_SIGN_STYLE = Automatic;
				CURRENT_PROJECT_VERSION = 1;
				GENERATE_INFOPLIST_FILE = YES;
				IPHONEOS_DEPLOYMENT_TARGET = 26.0;
				MARKETING_VERSION = 1.0;
				PRODUCT_BUNDLE_IDENTIFIER = com.ExpenseSplitApp.expenseSplitAppTests;
				PRODUCT_NAME = "$(TARGET_NAME)";
				STRING_CATALOG_GENERATE_SYMBOLS = NO;
				SWIFT_APPROACHABLE_CONCURRENCY = YES;
				SWIFT_EMIT_LOC_STRINGS = NO;
				SWIFT_UPCOMING_FEATURE_MEMBER_IMPORT_VISIBILITY = YES;
				SWIFT_VERSION = 5.0;
				TARGETED_DEVICE_FAMILY = "1,2";
				TEST_HOST = "$(BUILT_PRODUCTS_DIR)/expenseSplitApp.app/$(BUNDLE_EXECUTABLE_FOLDER_PATH)/expenseSplitApp";
			};
			name = Debug;
		};
		3DF5AB892E907C0B00F70BF7 /* Release */ = {
			isa = XCBuildConfiguration;
			buildSettings = {
				BUNDLE_LOADER = "$(TEST_HOST)";
				CODE_SIGN_STYLE = Automatic;
				CURRENT_PROJECT_VERSION = 1;
				GENERATE_INFOPLIST_FILE = YES;
				IPHONEOS_DEPLOYMENT_TARGET = 26.0;
				MARKETING_VERSION = 1.0;
				PRODUCT_BUNDLE_IDENTIFIER = com.ExpenseSplitApp.expenseSplitAppTests;
				PRODUCT_NAME = "$(TARGET_NAME)";
				STRING_CATALOG_GENERATE_SYMBOLS = NO;
				SWIFT_APPROACHABLE_CONCURRENCY = YES;
				SWIFT_EMIT_LOC_STRINGS = NO;
				SWIFT_UPCOMING_FEATURE_MEMBER_IMPORT_VISIBILITY = YES;
				SWIFT_VERSION = 5.0;
				TARGETED_DEVICE_FAMILY = "1,2";
				TEST_HOST = "$(BUILT_PRODUCTS_DIR)/expenseSplitApp.app/$(BUNDLE_EXECUTABLE_FOLDER_PATH)/expenseSplitApp";
			};
			name = Release;
		};
		3DF5AB8B2E907C0B00F70BF7 /* Debug */ = {
			isa = XCBuildConfiguration;
			buildSettings = {
				CODE_SIGN_STYLE = Automatic;
				CURRENT_PROJECT_VERSION = 1;
				GENERATE_INFOPLIST_FILE = YES;
				MARKETING_VERSION = 1.0;
				PRODUCT_BUNDLE_IDENTIFIER = com.ExpenseSplitApp.expenseSplitAppUITests;
				PRODUCT_NAME = "$(TARGET_NAME)";
				STRING_CATALOG_GENERATE_SYMBOLS = NO;
				SWIFT_APPROACHABLE_CONCURRENCY = YES;
				SWIFT_EMIT_LOC_STRINGS = NO;
				SWIFT_UPCOMING_FEATURE_MEMBER_IMPORT_VISIBILITY = YES;
				SWIFT_VERSION = 5.0;
				TARGETED_DEVICE_FAMILY = "1,2";
				TEST_TARGET_NAME = expenseSplitApp;
			};
			name = Debug;
		};
		3DF5AB8C2E907C0B00F70BF7 /* Release */ = {
			isa = XCBuildConfiguration;
			buildSettings = {
				CODE_SIGN_STYLE = Automatic;
				CURRENT_PROJECT_VERSION = 1;
				GENERATE_INFOPLIST_FILE = YES;
				MARKETING_VERSION = 1.0;
				PRODUCT_BUNDLE_IDENTIFIER = com.ExpenseSplitApp.expenseSplitAppUITests;
				PRODUCT_NAME = "$(TARGET_NAME)";
				STRING_CATALOG_GENERATE_SYMBOLS = NO;
				SWIFT_APPROACHABLE_CONCURRENCY = YES;
				SWIFT_EMIT_LOC_STRINGS = NO;
				SWIFT_UPCOMING_FEATURE_MEMBER_IMPORT_VISIBILITY = YES;
				SWIFT_VERSION = 5.0;
				TARGETED_DEVICE_FAMILY = "1,2";
				TEST_TARGET_NAME = expenseSplitApp;
			};
			name = Release;
		};
/* End XCBuildConfiguration section */

/* Begin XCConfigurationList section */
		3DF5AB5E2E907C0A00F70BF7 /* Build configuration list for PBXProject "expenseSplitApp" */ = {
			isa = XCConfigurationList;
			buildConfigurations = (
				3DF5AB822E907C0B00F70BF7 /* Debug */,
				3DF5AB832E907C0B00F70BF7 /* Release */,
			);
			defaultConfigurationIsVisible = 0;
			defaultConfigurationName = Release;
		};
		3DF5AB842E907C0B00F70BF7 /* Build configuration list for PBXNativeTarget "expenseSplitApp" */ = {
			isa = XCConfigurationList;
			buildConfigurations = (
				3DF5AB852E907C0B00F70BF7 /* Debug */,
				3DF5AB862E907C0B00F70BF7 /* Release */,
			);
			defaultConfigurationIsVisible = 0;
			defaultConfigurationName = Release;
		};
		3DF5AB872E907C0B00F70BF7 /* Build configuration list for PBXNativeTarget "expenseSplitAppTests" */ = {
			isa = XCConfigurationList;
			buildConfigurations = (
				3DF5AB882E907C0B00F70BF7 /* Debug */,
				3DF5AB892E907C0B00F70BF7 /* Release */,
			);
			defaultConfigurationIsVisible = 0;
			defaultConfigurationName = Release;
		};
		3DF5AB8A2E907C0B00F70BF7 /* Build configuration list for PBXNativeTarget "expenseSplitAppUITests" */ = {
			isa = XCConfigurationList;
			buildConfigurations = (
				3DF5AB8B2E907C0B00F70BF7 /* Debug */,
				3DF5AB8C2E907C0B00F70BF7 /* Release */,
			);
			defaultConfigurationIsVisible = 0;
			defaultConfigurationName = Release;
		};
/* End XCConfigurationList section */
	};
	rootObject = 3DF5AB5B2E907C0A00F70BF7 /* Project object */;
}
